
Microsoft Visual Studio Solution File, Format Version 12.00
# Visual Studio Version 17
VisualStudioVersion = 17.7.34031.279
MinimumVisualStudioVersion = 10.0.40219.1
Project("{9A19103F-16F7-4668-BE54-9A1E7A4F7556}") = "Ejercicio01", "Ejercicio01\Ejercicio01.csproj", "{53280808-27D9-4905-8B69-90D75812E30B}"
EndProject
Project("{9A19103F-16F7-4668-BE54-9A1E7A4F7556}") = "Ejercicio02", "Ejercicio02\Ejercicio02.csproj", "{990D4234-1D55-4B76-AC9A-A1AD1D844D92}"
EndProject
Project("{9A19103F-16F7-4668-BE54-9A1E7A4F7556}") = "Ejercicio03", "Ejercicio03\Ejercicio03.csproj", "{708FAA92-E514-4A32-95C9-AD128CB821F5}"
EndProject
Project("{9A19103F-16F7-4668-BE54-9A1E7A4F7556}") = "Ejercicio04", "Ejercicio04\Ejercicio04.csproj", "{ACB83FBE-38E0-4CA4-B417-293A6BDEE3FE}"
EndProject
Project("{9A19103F-16F7-4668-BE54-9A1E7A4F7556}") = "Ejercicio05", "Ejercicio05\Ejercicio05.csproj", "{B638112F-6C88-44CE-B525-71A4CEE194E0}"
EndProject
Project("{FAE04EC0-301F-11D3-BF4B-00C04F79EFBC}") = "Entidades", "Entidades\Entidades.csproj", "{08DE57E3-6107-449C-BFF2-2FC2C801BDAC}"
EndProject
Global
	GlobalSection(SolutionConfigurationPlatforms) = preSolution
		Debug|Any CPU = Debug|Any CPU
		Release|Any CPU = Release|Any CPU
	EndGlobalSection
	GlobalSection(ProjectConfigurationPlatforms) = postSolution
		{53280808-27D9-4905-8B69-90D75812E30B}.Debug|Any CPU.ActiveCfg = Debug|Any CPU
		{53280808-27D9-4905-8B69-90D75812E30B}.Debug|Any CPU.Build.0 = Debug|Any CPU
		{53280808-27D9-4905-8B69-90D75812E30B}.Debug|Any CPU.Deploy.0 = Debug|Any CPU
		{53280808-27D9-4905-8B69-90D75812E30B}.Release|Any CPU.ActiveCfg = Release|Any CPU
		{53280808-27D9-4905-8B69-90D75812E30B}.Release|Any CPU.Build.0 = Release|Any CPU
		{53280808-27D9-4905-8B69-90D75812E30B}.Release|Any CPU.Deploy.0 = Release|Any CPU
		{990D4234-1D55-4B76-AC9A-A1AD1D844D92}.Debug|Any CPU.ActiveCfg = Debug|Any CPU
		{990D4234-1D55-4B76-AC9A-A1AD1D844D92}.Debug|Any CPU.Build.0 = Debug|Any CPU
		{990D4234-1D55-4B76-AC9A-A1AD1D844D92}.Debug|Any CPU.Deploy.0 = Debug|Any CPU
		{990D4234-1D55-4B76-AC9A-A1AD1D844D92}.Release|Any CPU.ActiveCfg = Release|Any CPU
		{990D4234-1D55-4B76-AC9A-A1AD1D844D92}.Release|Any CPU.Build.0 = Release|Any CPU
		{990D4234-1D55-4B76-AC9A-A1AD1D844D92}.Release|Any CPU.Deploy.0 = Release|Any CPU
		{708FAA92-E514-4A32-95C9-AD128CB821F5}.Debug|Any CPU.ActiveCfg = Debug|Any CPU
		{708FAA92-E514-4A32-95C9-AD128CB821F5}.Debug|Any CPU.Build.0 = Debug|Any CPU
		{708FAA92-E514-4A32-95C9-AD128CB821F5}.Debug|Any CPU.Deploy.0 = Debug|Any CPU
		{708FAA92-E514-4A32-95C9-AD128CB821F5}.Release|Any CPU.ActiveCfg = Release|Any CPU
		{708FAA92-E514-4A32-95C9-AD128CB821F5}.Release|Any CPU.Build.0 = Release|Any CPU
		{708FAA92-E514-4A32-95C9-AD128CB821F5}.Release|Any CPU.Deploy.0 = Release|Any CPU
		{ACB83FBE-38E0-4CA4-B417-293A6BDEE3FE}.Debug|Any CPU.ActiveCfg = Debug|Any CPU
		{ACB83FBE-38E0-4CA4-B417-293A6BDEE3FE}.Debug|Any CPU.Build.0 = Debug|Any CPU
		{ACB83FBE-38E0-4CA4-B417-293A6BDEE3FE}.Debug|Any CPU.Deploy.0 = Debug|Any CPU
		{ACB83FBE-38E0-4CA4-B417-293A6BDEE3FE}.Release|Any CPU.ActiveCfg = Release|Any CPU
		{ACB83FBE-38E0-4CA4-B417-293A6BDEE3FE}.Release|Any CPU.Build.0 = Release|Any CPU
		{ACB83FBE-38E0-4CA4-B417-293A6BDEE3FE}.Release|Any CPU.Deploy.0 = Release|Any CPU
		{B638112F-6C88-44CE-B525-71A4CEE194E0}.Debug|Any CPU.ActiveCfg = Debug|Any CPU
		{B638112F-6C88-44CE-B525-71A4CEE194E0}.Debug|Any CPU.Build.0 = Debug|Any CPU
		{B638112F-6C88-44CE-B525-71A4CEE194E0}.Debug|Any CPU.Deploy.0 = Debug|Any CPU
		{B638112F-6C88-44CE-B525-71A4CEE194E0}.Release|Any CPU.ActiveCfg = Release|Any CPU
		{B638112F-6C88-44CE-B525-71A4CEE194E0}.Release|Any CPU.Build.0 = Release|Any CPU
		{B638112F-6C88-44CE-B525-71A4CEE194E0}.Release|Any CPU.Deploy.0 = Release|Any CPU
		{08DE57E3-6107-449C-BFF2-2FC2C801BDAC}.Debug|Any CPU.ActiveCfg = Debug|Any CPU
		{08DE57E3-6107-449C-BFF2-2FC2C801BDAC}.Debug|Any CPU.Build.0 = Debug|Any CPU
		{08DE57E3-6107-449C-BFF2-2FC2C801BDAC}.Release|Any CPU.ActiveCfg = Release|Any CPU
		{08DE57E3-6107-449C-BFF2-2FC2C801BDAC}.Release|Any CPU.Build.0 = Release|Any CPU
	EndGlobalSection
	GlobalSection(SolutionProperties) = preSolution
		HideSolutionNode = FALSE
	EndGlobalSection
	GlobalSection(ExtensibilityGlobals) = postSolution
		SolutionGuid = {56D3BDBB-249F-436E-9440-AB4F9D49D791}
	EndGlobalSection
EndGlobal
